
Microsoft Visual Studio Solution File, Format Version 12.00
# Visual Studio 15
VisualStudioVersion = 15.0.28307.136
MinimumVisualStudioVersion = 10.0.40219.1
Project("{8BC9CEB8-8B4A-11D0-8D11-00A0C91BC942}") = "StandardLibraryDLL", "StandardLibraryDLL\StandardLibraryDLL.vcxproj", "{CDD2E5DD-9AFD-4309-91C3-C1705D5AA796}"
EndProject
Global
	GlobalSection(SolutionConfigurationPlatforms) = preSolution
		Debug|x64 = Debug|x64
		Debug|x86 = Debug|x86
		Release|x64 = Release|x64
		Release|x86 = Release|x86
	EndGlobalSection
	GlobalSection(ProjectConfigurationPlatforms) = postSolution
		{CDD2E5DD-9AFD-4309-91C3-C1705D5AA796}.Debug|x64.ActiveCfg = Debug|x64
		{CDD2E5DD-9AFD-4309-91C3-C1705D5AA796}.Debug|x64.Build.0 = Debug|x64
		{CDD2E5DD-9AFD-4309-91C3-C1705D5AA796}.Debug|x86.ActiveCfg = Debug|Win32
		{CDD2E5DD-9AFD-4309-91C3-C1705D5AA796}.Debug|x86.Build.0 = Debug|Win32
		{CDD2E5DD-9AFD-4309-91C3-C1705D5AA796}.Release|x64.ActiveCfg = Release|x64
		{CDD2E5DD-9AFD-4309-91C3-C1705D5AA796}.Release|x64.Build.0 = Release|x64
		{CDD2E5DD-9AFD-4309-91C3-C1705D5AA796}.Release|x86.ActiveCfg = Release|Win32
		{CDD2E5DD-9AFD-4309-91C3-C1705D5AA796}.Release|x86.Build.0 = Release|Win32
	EndGlobalSection
	GlobalSection(SolutionProperties) = preSolution
		HideSolutionNode = FALSE
	EndGlobalSection
	GlobalSection(ExtensibilityGlobals) = postSolution
		SolutionGuid = {CFE975EB-CAFE-4666-83A6-92C7DBFDE5D2}
	EndGlobalSection
EndGlobal
